
Microsoft Visual Studio Solution File, Format Version 12.00
# Visual Studio 15
VisualStudioVersion = 15.0.28307.1972
MinimumVisualStudioVersion = 10.0.40219.1
Project("{D2ABAB84-BF74-430A-B69E-9DC6D40DDA17}") = "group 12 new", "group 12 new\group 12 new.dwproj", "{40EB7E78-11C4-45D9-932E-C77912305D86}"
EndProject
Global
	GlobalSection(SolutionConfigurationPlatforms) = preSolution
		Development|Default = Development|Default
	EndGlobalSection
	GlobalSection(ProjectConfigurationPlatforms) = postSolution
		{40EB7E78-11C4-45D9-932E-C77912305D86}.Development|Default.ActiveCfg = Development
		{40EB7E78-11C4-45D9-932E-C77912305D86}.Development|Default.Build.0 = Development
		{40EB7E78-11C4-45D9-932E-C77912305D86}.Development|Default.Deploy.0 = Development
	EndGlobalSection
	GlobalSection(SolutionProperties) = preSolution
		HideSolutionNode = FALSE
	EndGlobalSection
	GlobalSection(ExtensibilityGlobals) = postSolution
		SolutionGuid = {766C15E9-6EF4-4FB9-84C9-2100871D07EF}
	EndGlobalSection
EndGlobal
